
Microsoft Visual Studio Solution File, Format Version 12.00
# Visual Studio 15
VisualStudioVersion = 15.0.28010.2026
MinimumVisualStudioVersion = 10.0.40219.1
Project("{FAE04EC0-301F-11D3-BF4B-00C04F79EFBC}") = "Reciklaza", "Reciklaza\Reciklaza.csproj", "{E62DED0C-91A8-46E6-8094-D12E294EFF26}"
EndProject
Global
	GlobalSection(SolutionConfigurationPlatforms) = preSolution
		Debug|Any CPU = Debug|Any CPU
		Release|Any CPU = Release|Any CPU
	EndGlobalSection
	GlobalSection(ProjectConfigurationPlatforms) = postSolution
		{E62DED0C-91A8-46E6-8094-D12E294EFF26}.Debug|Any CPU.ActiveCfg = Debug|Any CPU
		{E62DED0C-91A8-46E6-8094-D12E294EFF26}.Debug|Any CPU.Build.0 = Debug|Any CPU
		{E62DED0C-91A8-46E6-8094-D12E294EFF26}.Release|Any CPU.ActiveCfg = Release|Any CPU
		{E62DED0C-91A8-46E6-8094-D12E294EFF26}.Release|Any CPU.Build.0 = Release|Any CPU
	EndGlobalSection
	GlobalSection(SolutionProperties) = preSolution
		HideSolutionNode = FALSE
	EndGlobalSection
	GlobalSection(ExtensibilityGlobals) = postSolution
		SolutionGuid = {4EA7FC9B-527D-4C11-90EF-9779D1A2AFC1}
	EndGlobalSection
EndGlobal
